
Microsoft Visual Studio Solution File, Format Version 12.00
# Visual Studio Version 16
VisualStudioVersion = 16.0.32413.511
MinimumVisualStudioVersion = 10.0.40219.1
Project("{FAE04EC0-301F-11D3-BF4B-00C04F79EFBC}") = "20220929", "20220929.csproj", "{3D2EFCC7-CCCC-497D-BFA9-FAF87DFCCAD3}"
EndProject
Global
	GlobalSection(SolutionConfigurationPlatforms) = preSolution
		Debug|Any CPU = Debug|Any CPU
		Release|Any CPU = Release|Any CPU
	EndGlobalSection
	GlobalSection(ProjectConfigurationPlatforms) = postSolution
		{3D2EFCC7-CCCC-497D-BFA9-FAF87DFCCAD3}.Debug|Any CPU.ActiveCfg = Debug|Any CPU
		{3D2EFCC7-CCCC-497D-BFA9-FAF87DFCCAD3}.Debug|Any CPU.Build.0 = Debug|Any CPU
		{3D2EFCC7-CCCC-497D-BFA9-FAF87DFCCAD3}.Release|Any CPU.ActiveCfg = Release|Any CPU
		{3D2EFCC7-CCCC-497D-BFA9-FAF87DFCCAD3}.Release|Any CPU.Build.0 = Release|Any CPU
	EndGlobalSection
	GlobalSection(SolutionProperties) = preSolution
		HideSolutionNode = FALSE
	EndGlobalSection
	GlobalSection(ExtensibilityGlobals) = postSolution
		SolutionGuid = {B82A44CF-9012-4EF1-8712-DB35FF4C22F2}
	EndGlobalSection
EndGlobal
