
Microsoft Visual Studio Solution File, Format Version 12.00
# Visual Studio Version 16
VisualStudioVersion = 16.0.32413.511
MinimumVisualStudioVersion = 10.0.40219.1
Project("{FAE04EC0-301F-11D3-BF4B-00C04F79EFBC}") = "20230425", "20230425\20230425.csproj", "{1638C4F6-835D-40CA-B522-0AEEA0D919F4}"
EndProject
Global
	GlobalSection(SolutionConfigurationPlatforms) = preSolution
		Debug|Any CPU = Debug|Any CPU
		Release|Any CPU = Release|Any CPU
	EndGlobalSection
	GlobalSection(ProjectConfigurationPlatforms) = postSolution
		{1638C4F6-835D-40CA-B522-0AEEA0D919F4}.Debug|Any CPU.ActiveCfg = Debug|Any CPU
		{1638C4F6-835D-40CA-B522-0AEEA0D919F4}.Debug|Any CPU.Build.0 = Debug|Any CPU
		{1638C4F6-835D-40CA-B522-0AEEA0D919F4}.Release|Any CPU.ActiveCfg = Release|Any CPU
		{1638C4F6-835D-40CA-B522-0AEEA0D919F4}.Release|Any CPU.Build.0 = Release|Any CPU
	EndGlobalSection
	GlobalSection(SolutionProperties) = preSolution
		HideSolutionNode = FALSE
	EndGlobalSection
	GlobalSection(ExtensibilityGlobals) = postSolution
		SolutionGuid = {06441B28-3AFF-49C1-B980-BCBCAD19DB51}
	EndGlobalSection
EndGlobal
