
Microsoft Visual Studio Solution File, Format Version 12.00
# Visual Studio Version 16
VisualStudioVersion = 16.0.32413.511
MinimumVisualStudioVersion = 10.0.40219.1
Project("{FAE04EC0-301F-11D3-BF4B-00C04F79EFBC}") = "Kemia", "Kemia\Kemia.csproj", "{8411EB04-CBD6-4F98-B3F8-99CEE7ABC0ED}"
EndProject
Global
	GlobalSection(SolutionConfigurationPlatforms) = preSolution
		Debug|Any CPU = Debug|Any CPU
		Release|Any CPU = Release|Any CPU
	EndGlobalSection
	GlobalSection(ProjectConfigurationPlatforms) = postSolution
		{8411EB04-CBD6-4F98-B3F8-99CEE7ABC0ED}.Debug|Any CPU.ActiveCfg = Debug|Any CPU
		{8411EB04-CBD6-4F98-B3F8-99CEE7ABC0ED}.Debug|Any CPU.Build.0 = Debug|Any CPU
		{8411EB04-CBD6-4F98-B3F8-99CEE7ABC0ED}.Release|Any CPU.ActiveCfg = Release|Any CPU
		{8411EB04-CBD6-4F98-B3F8-99CEE7ABC0ED}.Release|Any CPU.Build.0 = Release|Any CPU
	EndGlobalSection
	GlobalSection(SolutionProperties) = preSolution
		HideSolutionNode = FALSE
	EndGlobalSection
	GlobalSection(ExtensibilityGlobals) = postSolution
		SolutionGuid = {BA5957A8-D12C-4588-97E1-3EBC6BACFBF3}
	EndGlobalSection
EndGlobal
